<Solution>
    <Project Path="FmiSrl.FtpServer.Server/FmiSrl.FtpServer.Server.csproj"/>
    <Project Path="FmiSrl.FtpServer.TestClient/FmiSrl.FtpServer.TestClient.csproj"/>
    <Project Path="FmiSrl.FtpServer.Tests.Integration/FmiSrl.FtpServer.Tests.Integration.csproj"/>
    <Project Path="FmiSrl.FtpServer.Tests.Unit/FmiSrl.FtpServer.Tests.Unit.csproj"/>
</Solution>
